// !$*UTF8*$!
{
	archiveVersion = 1;
	classes = {
	};
	objectVersion = 50;
	objects = {

/* Begin PBXBuildFile section */
		0F17C7B5246F179400A2D212 /* MainModel.swift in Sources */ = {isa = PBXBuildFile; fileRef = 0F17C7B4246F179400A2D212 /* MainModel.swift */; };
		0F17C7B9246F180300A2D212 /* MainController.swift in Sources */ = {isa = PBXBuildFile; fileRef = 0F17C7B8246F180300A2D212 /* MainController.swift */; };
		0F17C7BC246F184100A2D212 /* MainViewController.swift in Sources */ = {isa = PBXBuildFile; fileRef = 0F17C7BA246F184100A2D212 /* MainViewController.swift */; };
		0F17C7BD246F184100A2D212 /* MainViewController.xib in Resources */ = {isa = PBXBuildFile; fileRef = 0F17C7BB246F184100A2D212 /* MainViewController.xib */; };
		0F17C7C1246F1B0300A2D212 /* DestaquesCollectionViewCell.swift in Sources */ = {isa = PBXBuildFile; fileRef = 0F17C7BF246F1B0300A2D212 /* DestaquesCollectionViewCell.swift */; };
		0F17C7C2246F1B0300A2D212 /* DestaquesCollectionViewCell.xib in Resources */ = {isa = PBXBuildFile; fileRef = 0F17C7C0246F1B0300A2D212 /* DestaquesCollectionViewCell.xib */; };
		0F17C7C5246F1B1B00A2D212 /* RecomendacoesTableViewCell.swift in Sources */ = {isa = PBXBuildFile; fileRef = 0F17C7C3246F1B1B00A2D212 /* RecomendacoesTableViewCell.swift */; };
		0F17C7C6246F1B1B00A2D212 /* RecomendacoesTableViewCell.xib in Resources */ = {isa = PBXBuildFile; fileRef = 0F17C7C4246F1B1B00A2D212 /* RecomendacoesTableViewCell.xib */; };
		0F17C7CD246F379700A2D212 /* DestaquesViewController.swift in Sources */ = {isa = PBXBuildFile; fileRef = 0F17C7CB246F379700A2D212 /* DestaquesViewController.swift */; };
		0F17C7CE246F379700A2D212 /* DestaquesViewController.xib in Resources */ = {isa = PBXBuildFile; fileRef = 0F17C7CC246F379700A2D212 /* DestaquesViewController.xib */; };
		0F17C7D2246F37B900A2D212 /* DestaquesTableViewCell.swift in Sources */ = {isa = PBXBuildFile; fileRef = 0F17C7D0246F37B900A2D212 /* DestaquesTableViewCell.swift */; };
		0F17C7D3246F37B900A2D212 /* DestaquesTableViewCell.xib in Resources */ = {isa = PBXBuildFile; fileRef = 0F17C7D1246F37B900A2D212 /* DestaquesTableViewCell.xib */; };
		0F17C7D5246F37C500A2D212 /* DestaquesController.swift in Sources */ = {isa = PBXBuildFile; fileRef = 0F17C7D4246F37C500A2D212 /* DestaquesController.swift */; };
		0F17C7DE246F386200A2D212 /* ExperienciasInfoViewController.swift in Sources */ = {isa = PBXBuildFile; fileRef = 0F17C7DC246F386200A2D212 /* ExperienciasInfoViewController.swift */; };
		0F17C7DF246F386200A2D212 /* ExperienciasInfoViewController.xib in Resources */ = {isa = PBXBuildFile; fileRef = 0F17C7DD246F386200A2D212 /* ExperienciasInfoViewController.xib */; };
		0F17C7E1246F387800A2D212 /* ExperienciasInfoController.swift in Sources */ = {isa = PBXBuildFile; fileRef = 0F17C7E0246F387800A2D212 /* ExperienciasInfoController.swift */; };
		0F17C7E6246F391F00A2D212 /* DisponibilidadeViewController.swift in Sources */ = {isa = PBXBuildFile; fileRef = 0F17C7E4246F391F00A2D212 /* DisponibilidadeViewController.swift */; };
		0F17C7E7246F391F00A2D212 /* DisponibilidadeViewController.xib in Resources */ = {isa = PBXBuildFile; fileRef = 0F17C7E5246F391F00A2D212 /* DisponibilidadeViewController.xib */; };
		0F17C7EA246F393500A2D212 /* DisponibilidadeController.swift in Sources */ = {isa = PBXBuildFile; fileRef = 0F17C7E9246F393500A2D212 /* DisponibilidadeController.swift */; };
		0F17C7F0246F397300A2D212 /* PerfilViewController.swift in Sources */ = {isa = PBXBuildFile; fileRef = 0F17C7EE246F397300A2D212 /* PerfilViewController.swift */; };
		0F17C7F1246F397300A2D212 /* PerfilViewController.xib in Resources */ = {isa = PBXBuildFile; fileRef = 0F17C7EF246F397300A2D212 /* PerfilViewController.xib */; };
		0F17C7F5246F398900A2D212 /* PerfilTableViewCell.swift in Sources */ = {isa = PBXBuildFile; fileRef = 0F17C7F3246F398900A2D212 /* PerfilTableViewCell.swift */; };
		0F17C7F6246F398900A2D212 /* PerfilTableViewCell.xib in Resources */ = {isa = PBXBuildFile; fileRef = 0F17C7F4246F398900A2D212 /* PerfilTableViewCell.xib */; };
		0F17C7F8246F399C00A2D212 /* PerfilController.swift in Sources */ = {isa = PBXBuildFile; fileRef = 0F17C7F7246F399C00A2D212 /* PerfilController.swift */; };
		0F17C801246F39EC00A2D212 /* GerarController.swift in Sources */ = {isa = PBXBuildFile; fileRef = 0F17C800246F39EC00A2D212 /* GerarController.swift */; };
		9542EBC8247305240049E27E /* LoginViewController.swift in Sources */ = {isa = PBXBuildFile; fileRef = 9542EBC6247305240049E27E /* LoginViewController.swift */; };
		9542EBC9247305240049E27E /* LoginViewController.xib in Resources */ = {isa = PBXBuildFile; fileRef = 9542EBC7247305240049E27E /* LoginViewController.xib */; };
		CB1A9DFD2472F9D900946B78 /* CloudKit.framework in Frameworks */ = {isa = PBXBuildFile; fileRef = CB1A9DFC2472F9D900946B78 /* CloudKit.framework */; };
		CB4F8F81246DB9110004B5E5 /* TesteViewController.swift in Sources */ = {isa = PBXBuildFile; fileRef = CB4F8F7F246DB9110004B5E5 /* TesteViewController.swift */; };
		CB4F8F82246DB9110004B5E5 /* TesteViewController.xib in Resources */ = {isa = PBXBuildFile; fileRef = CB4F8F80246DB9110004B5E5 /* TesteViewController.xib */; };
		CB4F8F87246DBA550004B5E5 /* TesteModel.swift in Sources */ = {isa = PBXBuildFile; fileRef = CB4F8F86246DBA550004B5E5 /* TesteModel.swift */; };
		CB4F8F89246DBB060004B5E5 /* TesteController.swift in Sources */ = {isa = PBXBuildFile; fileRef = CB4F8F88246DBB060004B5E5 /* TesteController.swift */; };
		CB4F8FA3246DCA350004B5E5 /* UIColor+Extensions.swift in Sources */ = {isa = PBXBuildFile; fileRef = CB4F8FA2246DCA350004B5E5 /* UIColor+Extensions.swift */; };
		CBFECD42246DB56E005B621F /* AppDelegate.swift in Sources */ = {isa = PBXBuildFile; fileRef = CBFECD41246DB56E005B621F /* AppDelegate.swift */; };
		CBFECD44246DB56E005B621F /* SceneDelegate.swift in Sources */ = {isa = PBXBuildFile; fileRef = CBFECD43246DB56E005B621F /* SceneDelegate.swift */; };
		CBFECD46246DB56E005B621F /* ViewController.swift in Sources */ = {isa = PBXBuildFile; fileRef = CBFECD45246DB56E005B621F /* ViewController.swift */; };
		CBFECD49246DB56E005B621F /* Main.storyboard in Resources */ = {isa = PBXBuildFile; fileRef = CBFECD47246DB56E005B621F /* Main.storyboard */; };
		CBFECD4C246DB56E005B621F /* ExperienceApp.xcdatamodeld in Sources */ = {isa = PBXBuildFile; fileRef = CBFECD4A246DB56E005B621F /* ExperienceApp.xcdatamodeld */; };
		CBFECD4E246DB571005B621F /* Assets.xcassets in Resources */ = {isa = PBXBuildFile; fileRef = CBFECD4D246DB571005B621F /* Assets.xcassets */; };
		CBFECD51246DB571005B621F /* LaunchScreen.storyboard in Resources */ = {isa = PBXBuildFile; fileRef = CBFECD4F246DB571005B621F /* LaunchScreen.storyboard */; };
/* End PBXBuildFile section */

/* Begin PBXFileReference section */
		0F17C7B4246F179400A2D212 /* MainModel.swift */ = {isa = PBXFileReference; lastKnownFileType = sourcecode.swift; path = MainModel.swift; sourceTree = "<group>"; };
		0F17C7B8246F180300A2D212 /* MainController.swift */ = {isa = PBXFileReference; lastKnownFileType = sourcecode.swift; path = MainController.swift; sourceTree = "<group>"; };
		0F17C7BA246F184100A2D212 /* MainViewController.swift */ = {isa = PBXFileReference; lastKnownFileType = sourcecode.swift; path = MainViewController.swift; sourceTree = "<group>"; };
		0F17C7BB246F184100A2D212 /* MainViewController.xib */ = {isa = PBXFileReference; lastKnownFileType = file.xib; path = MainViewController.xib; sourceTree = "<group>"; };
		0F17C7BF246F1B0300A2D212 /* DestaquesCollectionViewCell.swift */ = {isa = PBXFileReference; lastKnownFileType = sourcecode.swift; path = DestaquesCollectionViewCell.swift; sourceTree = "<group>"; };
		0F17C7C0246F1B0300A2D212 /* DestaquesCollectionViewCell.xib */ = {isa = PBXFileReference; lastKnownFileType = file.xib; path = DestaquesCollectionViewCell.xib; sourceTree = "<group>"; };
		0F17C7C3246F1B1B00A2D212 /* RecomendacoesTableViewCell.swift */ = {isa = PBXFileReference; lastKnownFileType = sourcecode.swift; path = RecomendacoesTableViewCell.swift; sourceTree = "<group>"; };
		0F17C7C4246F1B1B00A2D212 /* RecomendacoesTableViewCell.xib */ = {isa = PBXFileReference; lastKnownFileType = file.xib; path = RecomendacoesTableViewCell.xib; sourceTree = "<group>"; };
		0F17C7CB246F379700A2D212 /* DestaquesViewController.swift */ = {isa = PBXFileReference; lastKnownFileType = sourcecode.swift; path = DestaquesViewController.swift; sourceTree = "<group>"; };
		0F17C7CC246F379700A2D212 /* DestaquesViewController.xib */ = {isa = PBXFileReference; lastKnownFileType = file.xib; path = DestaquesViewController.xib; sourceTree = "<group>"; };
		0F17C7D0246F37B900A2D212 /* DestaquesTableViewCell.swift */ = {isa = PBXFileReference; lastKnownFileType = sourcecode.swift; path = DestaquesTableViewCell.swift; sourceTree = "<group>"; };
		0F17C7D1246F37B900A2D212 /* DestaquesTableViewCell.xib */ = {isa = PBXFileReference; lastKnownFileType = file.xib; path = DestaquesTableViewCell.xib; sourceTree = "<group>"; };
		0F17C7D4246F37C500A2D212 /* DestaquesController.swift */ = {isa = PBXFileReference; lastKnownFileType = sourcecode.swift; path = DestaquesController.swift; sourceTree = "<group>"; };
		0F17C7DC246F386200A2D212 /* ExperienciasInfoViewController.swift */ = {isa = PBXFileReference; lastKnownFileType = sourcecode.swift; path = ExperienciasInfoViewController.swift; sourceTree = "<group>"; };
		0F17C7DD246F386200A2D212 /* ExperienciasInfoViewController.xib */ = {isa = PBXFileReference; lastKnownFileType = file.xib; path = ExperienciasInfoViewController.xib; sourceTree = "<group>"; };
		0F17C7E0246F387800A2D212 /* ExperienciasInfoController.swift */ = {isa = PBXFileReference; lastKnownFileType = sourcecode.swift; path = ExperienciasInfoController.swift; sourceTree = "<group>"; };
		0F17C7E4246F391F00A2D212 /* DisponibilidadeViewController.swift */ = {isa = PBXFileReference; lastKnownFileType = sourcecode.swift; path = DisponibilidadeViewController.swift; sourceTree = "<group>"; };
		0F17C7E5246F391F00A2D212 /* DisponibilidadeViewController.xib */ = {isa = PBXFileReference; lastKnownFileType = file.xib; path = DisponibilidadeViewController.xib; sourceTree = "<group>"; };
		0F17C7E9246F393500A2D212 /* DisponibilidadeController.swift */ = {isa = PBXFileReference; lastKnownFileType = sourcecode.swift; path = DisponibilidadeController.swift; sourceTree = "<group>"; };
		0F17C7EE246F397300A2D212 /* PerfilViewController.swift */ = {isa = PBXFileReference; lastKnownFileType = sourcecode.swift; path = PerfilViewController.swift; sourceTree = "<group>"; };
		0F17C7EF246F397300A2D212 /* PerfilViewController.xib */ = {isa = PBXFileReference; lastKnownFileType = file.xib; path = PerfilViewController.xib; sourceTree = "<group>"; };
		0F17C7F3246F398900A2D212 /* PerfilTableViewCell.swift */ = {isa = PBXFileReference; lastKnownFileType = sourcecode.swift; path = PerfilTableViewCell.swift; sourceTree = "<group>"; };
		0F17C7F4246F398900A2D212 /* PerfilTableViewCell.xib */ = {isa = PBXFileReference; lastKnownFileType = file.xib; path = PerfilTableViewCell.xib; sourceTree = "<group>"; };
		0F17C7F7246F399C00A2D212 /* PerfilController.swift */ = {isa = PBXFileReference; lastKnownFileType = sourcecode.swift; path = PerfilController.swift; sourceTree = "<group>"; };
		0F17C800246F39EC00A2D212 /* GerarController.swift */ = {isa = PBXFileReference; lastKnownFileType = sourcecode.swift; path = GerarController.swift; sourceTree = "<group>"; };
		9542EBC6247305240049E27E /* LoginViewController.swift */ = {isa = PBXFileReference; lastKnownFileType = sourcecode.swift; path = LoginViewController.swift; sourceTree = "<group>"; };
		9542EBC7247305240049E27E /* LoginViewController.xib */ = {isa = PBXFileReference; lastKnownFileType = file.xib; path = LoginViewController.xib; sourceTree = "<group>"; };
		CB1A9DFA2472F9D300946B78 /* ExperienceApp.entitlements */ = {isa = PBXFileReference; lastKnownFileType = text.plist.entitlements; path = ExperienceApp.entitlements; sourceTree = "<group>"; };
		CB1A9DFC2472F9D900946B78 /* CloudKit.framework */ = {isa = PBXFileReference; lastKnownFileType = wrapper.framework; name = CloudKit.framework; path = System/Library/Frameworks/CloudKit.framework; sourceTree = SDKROOT; };
		CB4F8F7F246DB9110004B5E5 /* TesteViewController.swift */ = {isa = PBXFileReference; lastKnownFileType = sourcecode.swift; path = TesteViewController.swift; sourceTree = "<group>"; };
		CB4F8F80246DB9110004B5E5 /* TesteViewController.xib */ = {isa = PBXFileReference; lastKnownFileType = file.xib; path = TesteViewController.xib; sourceTree = "<group>"; };
		CB4F8F86246DBA550004B5E5 /* TesteModel.swift */ = {isa = PBXFileReference; lastKnownFileType = sourcecode.swift; path = TesteModel.swift; sourceTree = "<group>"; };
		CB4F8F88246DBB060004B5E5 /* TesteController.swift */ = {isa = PBXFileReference; lastKnownFileType = sourcecode.swift; path = TesteController.swift; sourceTree = "<group>"; };
		CB4F8FA2246DCA350004B5E5 /* UIColor+Extensions.swift */ = {isa = PBXFileReference; lastKnownFileType = sourcecode.swift; path = "UIColor+Extensions.swift"; sourceTree = "<group>"; };
		CBFECD3E246DB56E005B621F /* ExperienceApp.app */ = {isa = PBXFileReference; explicitFileType = wrapper.application; includeInIndex = 0; path = ExperienceApp.app; sourceTree = BUILT_PRODUCTS_DIR; };
		CBFECD41246DB56E005B621F /* AppDelegate.swift */ = {isa = PBXFileReference; lastKnownFileType = sourcecode.swift; path = AppDelegate.swift; sourceTree = "<group>"; };
		CBFECD43246DB56E005B621F /* SceneDelegate.swift */ = {isa = PBXFileReference; lastKnownFileType = sourcecode.swift; path = SceneDelegate.swift; sourceTree = "<group>"; };
		CBFECD45246DB56E005B621F /* ViewController.swift */ = {isa = PBXFileReference; lastKnownFileType = sourcecode.swift; path = ViewController.swift; sourceTree = "<group>"; };
		CBFECD48246DB56E005B621F /* Base */ = {isa = PBXFileReference; lastKnownFileType = file.storyboard; name = Base; path = Base.lproj/Main.storyboard; sourceTree = "<group>"; };
		CBFECD4B246DB56E005B621F /* ExperienceApp.xcdatamodel */ = {isa = PBXFileReference; lastKnownFileType = wrapper.xcdatamodel; path = ExperienceApp.xcdatamodel; sourceTree = "<group>"; };
		CBFECD4D246DB571005B621F /* Assets.xcassets */ = {isa = PBXFileReference; lastKnownFileType = folder.assetcatalog; path = Assets.xcassets; sourceTree = "<group>"; };
		CBFECD50246DB571005B621F /* Base */ = {isa = PBXFileReference; lastKnownFileType = file.storyboard; name = Base; path = Base.lproj/LaunchScreen.storyboard; sourceTree = "<group>"; };
		CBFECD52246DB571005B621F /* Info.plist */ = {isa = PBXFileReference; lastKnownFileType = text.plist.xml; path = Info.plist; sourceTree = "<group>"; };
/* End PBXFileReference section */

/* Begin PBXFrameworksBuildPhase section */
		CBFECD3B246DB56E005B621F /* Frameworks */ = {
			isa = PBXFrameworksBuildPhase;
			buildActionMask = 2147483647;
			files = (
				CB1A9DFD2472F9D900946B78 /* CloudKit.framework in Frameworks */,
			);
			runOnlyForDeploymentPostprocessing = 0;
		};
/* End PBXFrameworksBuildPhase section */

/* Begin PBXGroup section */
		0F17C7B0246F16B500A2D212 /* Screen - Main */ = {
			isa = PBXGroup;
			children = (
				0F17C7B1246F16C800A2D212 /* Model */,
				0F17C7B2246F16FD00A2D212 /* View */,
				0F17C7B3246F170600A2D212 /* Controller */,
			);
			path = "Screen - Main";
			sourceTree = "<group>";
		};
		0F17C7B1246F16C800A2D212 /* Model */ = {
			isa = PBXGroup;
			children = (
				0F17C7B4246F179400A2D212 /* MainModel.swift */,
			);
			path = Model;
			sourceTree = "<group>";
		};
		0F17C7B2246F16FD00A2D212 /* View */ = {
			isa = PBXGroup;
			children = (
				0F17C7BE246F1AD000A2D212 /* Cells */,
				0F17C7BA246F184100A2D212 /* MainViewController.swift */,
				0F17C7BB246F184100A2D212 /* MainViewController.xib */,
			);
			path = View;
			sourceTree = "<group>";
		};
		0F17C7B3246F170600A2D212 /* Controller */ = {
			isa = PBXGroup;
			children = (
				0F17C7B8246F180300A2D212 /* MainController.swift */,
			);
			path = Controller;
			sourceTree = "<group>";
		};
		0F17C7BE246F1AD000A2D212 /* Cells */ = {
			isa = PBXGroup;
			children = (
				0F17C7BF246F1B0300A2D212 /* DestaquesCollectionViewCell.swift */,
				0F17C7C0246F1B0300A2D212 /* DestaquesCollectionViewCell.xib */,
				0F17C7C3246F1B1B00A2D212 /* RecomendacoesTableViewCell.swift */,
				0F17C7C4246F1B1B00A2D212 /* RecomendacoesTableViewCell.xib */,
			);
			path = Cells;
			sourceTree = "<group>";
		};
		0F17C7C7246F36DE00A2D212 /* Screen - Destaques */ = {
			isa = PBXGroup;
			children = (
				0F17C7CA246F371800A2D212 /* Model */,
				0F17C7C9246F36F600A2D212 /* Controller */,
				0F17C7C8246F36F100A2D212 /* View */,
			);
			path = "Screen - Destaques";
			sourceTree = "<group>";
		};
		0F17C7C8246F36F100A2D212 /* View */ = {
			isa = PBXGroup;
			children = (
				0F17C7CF246F379B00A2D212 /* Cells */,
				0F17C7CB246F379700A2D212 /* DestaquesViewController.swift */,
				0F17C7CC246F379700A2D212 /* DestaquesViewController.xib */,
			);
			path = View;
			sourceTree = "<group>";
		};
		0F17C7C9246F36F600A2D212 /* Controller */ = {
			isa = PBXGroup;
			children = (
				0F17C7D4246F37C500A2D212 /* DestaquesController.swift */,
			);
			path = Controller;
			sourceTree = "<group>";
		};
		0F17C7CA246F371800A2D212 /* Model */ = {
			isa = PBXGroup;
			children = (
			);
			path = Model;
			sourceTree = "<group>";
		};
		0F17C7CF246F379B00A2D212 /* Cells */ = {
			isa = PBXGroup;
			children = (
				0F17C7D0246F37B900A2D212 /* DestaquesTableViewCell.swift */,
				0F17C7D1246F37B900A2D212 /* DestaquesTableViewCell.xib */,
			);
			path = Cells;
			sourceTree = "<group>";
		};
		0F17C7D8246F381400A2D212 /* Screen - ExperienciaInfo */ = {
			isa = PBXGroup;
			children = (
				0F17C7DB246F384500A2D212 /* Model */,
				0F17C7DA246F384000A2D212 /* Controller */,
				0F17C7D9246F383A00A2D212 /* View */,
			);
			path = "Screen - ExperienciaInfo";
			sourceTree = "<group>";
		};
		0F17C7D9246F383A00A2D212 /* View */ = {
			isa = PBXGroup;
			children = (
				0F17C7DC246F386200A2D212 /* ExperienciasInfoViewController.swift */,
				0F17C7DD246F386200A2D212 /* ExperienciasInfoViewController.xib */,
			);
			path = View;
			sourceTree = "<group>";
		};
		0F17C7DA246F384000A2D212 /* Controller */ = {
			isa = PBXGroup;
			children = (
				0F17C7E0246F387800A2D212 /* ExperienciasInfoController.swift */,
			);
			path = Controller;
			sourceTree = "<group>";
		};
		0F17C7DB246F384500A2D212 /* Model */ = {
			isa = PBXGroup;
			children = (
			);
			path = Model;
			sourceTree = "<group>";
		};
		0F17C7E2246F389B00A2D212 /* Screen - Disponibilidade */ = {
			isa = PBXGroup;
			children = (
				0F17C7E8246F392300A2D212 /* Controller */,
				0F17C7E3246F390500A2D212 /* View */,
			);
			path = "Screen - Disponibilidade";
			sourceTree = "<group>";
		};
		0F17C7E3246F390500A2D212 /* View */ = {
			isa = PBXGroup;
			children = (
				0F17C7E4246F391F00A2D212 /* DisponibilidadeViewController.swift */,
				0F17C7E5246F391F00A2D212 /* DisponibilidadeViewController.xib */,
			);
			path = View;
			sourceTree = "<group>";
		};
		0F17C7E8246F392300A2D212 /* Controller */ = {
			isa = PBXGroup;
			children = (
				0F17C7E9246F393500A2D212 /* DisponibilidadeController.swift */,
			);
			path = Controller;
			sourceTree = "<group>";
		};
		0F17C7EB246F393900A2D212 /* Screen - Perfil */ = {
			isa = PBXGroup;
			children = (
				0F17C7ED246F394700A2D212 /* Controller */,
				0F17C7EC246F394300A2D212 /* View */,
			);
			path = "Screen - Perfil";
			sourceTree = "<group>";
		};
		0F17C7EC246F394300A2D212 /* View */ = {
			isa = PBXGroup;
			children = (
				0F17C7F2246F397600A2D212 /* Cells */,
				0F17C7EE246F397300A2D212 /* PerfilViewController.swift */,
				0F17C7EF246F397300A2D212 /* PerfilViewController.xib */,
			);
			path = View;
			sourceTree = "<group>";
		};
		0F17C7ED246F394700A2D212 /* Controller */ = {
			isa = PBXGroup;
			children = (
				0F17C7F7246F399C00A2D212 /* PerfilController.swift */,
			);
			path = Controller;
			sourceTree = "<group>";
		};
		0F17C7F2246F397600A2D212 /* Cells */ = {
			isa = PBXGroup;
			children = (
				0F17C7F3246F398900A2D212 /* PerfilTableViewCell.swift */,
				0F17C7F4246F398900A2D212 /* PerfilTableViewCell.xib */,
			);
			path = Cells;
			sourceTree = "<group>";
		};
		0F17C7F9246F39C000A2D212 /* Screen - Gerar */ = {
			isa = PBXGroup;
			children = (
				0F17C7FB246F39CF00A2D212 /* Controller */,
				0F17C7FA246F39C800A2D212 /* View */,
			);
			path = "Screen - Gerar";
			sourceTree = "<group>";
		};
		0F17C7FA246F39C800A2D212 /* View */ = {
			isa = PBXGroup;
			children = (
			);
			path = View;
			sourceTree = "<group>";
		};
		0F17C7FB246F39CF00A2D212 /* Controller */ = {
			isa = PBXGroup;
			children = (
				0F17C800246F39EC00A2D212 /* GerarController.swift */,
			);
			path = Controller;
			sourceTree = "<group>";
		};
		9542EBC5247304FD0049E27E /* Screen - Login */ = {
			isa = PBXGroup;
			children = (
				9542EBC6247305240049E27E /* LoginViewController.swift */,
				9542EBC7247305240049E27E /* LoginViewController.xib */,
			);
			path = "Screen - Login";
			sourceTree = "<group>";
		};
		CB1A9DFB2472F9D900946B78 /* Frameworks */ = {
			isa = PBXGroup;
			children = (
				CB1A9DFC2472F9D900946B78 /* CloudKit.framework */,
			);
			name = Frameworks;
			sourceTree = "<group>";
		};
		CB4F8F7E246DB8DD0004B5E5 /* Example (NomeDaTela) */ = {
			isa = PBXGroup;
			children = (
				CB4F8F84246DB9490004B5E5 /* Model */,
				CB4F8F83246DB9160004B5E5 /* View */,
				CB4F8F85246DB9560004B5E5 /* Controller */,
			);
			path = "Example (NomeDaTela)";
			sourceTree = "<group>";
		};
		CB4F8F83246DB9160004B5E5 /* View */ = {
			isa = PBXGroup;
			children = (
				CB4F8F7F246DB9110004B5E5 /* TesteViewController.swift */,
				CB4F8F80246DB9110004B5E5 /* TesteViewController.xib */,
			);
			path = View;
			sourceTree = "<group>";
		};
		CB4F8F84246DB9490004B5E5 /* Model */ = {
			isa = PBXGroup;
			children = (
				CB4F8F86246DBA550004B5E5 /* TesteModel.swift */,
			);
			path = Model;
			sourceTree = "<group>";
		};
		CB4F8F85246DB9560004B5E5 /* Controller */ = {
			isa = PBXGroup;
			children = (
				CB4F8F88246DBB060004B5E5 /* TesteController.swift */,
			);
			path = Controller;
			sourceTree = "<group>";
		};
		CB4F8F9F246DC9E30004B5E5 /* Helpers */ = {
			isa = PBXGroup;
			children = (
				CB4F8FA1246DCA0A0004B5E5 /* Extensions */,
			);
			path = Helpers;
			sourceTree = "<group>";
		};
		CB4F8FA1246DCA0A0004B5E5 /* Extensions */ = {
			isa = PBXGroup;
			children = (
				CB4F8FA2246DCA350004B5E5 /* UIColor+Extensions.swift */,
			);
			path = Extensions;
			sourceTree = "<group>";
		};
		CBFECD35246DB56E005B621F = {
			isa = PBXGroup;
			children = (
				CBFECD40246DB56E005B621F /* ExperienceApp */,
				CBFECD3F246DB56E005B621F /* Products */,
				CB1A9DFB2472F9D900946B78 /* Frameworks */,
			);
			sourceTree = "<group>";
		};
		CBFECD3F246DB56E005B621F /* Products */ = {
			isa = PBXGroup;
			children = (
				CBFECD3E246DB56E005B621F /* ExperienceApp.app */,
			);
			name = Products;
			sourceTree = "<group>";
		};
		CBFECD40246DB56E005B621F /* ExperienceApp */ = {
			isa = PBXGroup;
			children = (
				CB1A9DFA2472F9D300946B78 /* ExperienceApp.entitlements */,
				9542EBC5247304FD0049E27E /* Screen - Login */,
				0F17C7F9246F39C000A2D212 /* Screen - Gerar */,
				0F17C7EB246F393900A2D212 /* Screen - Perfil */,
				0F17C7E2246F389B00A2D212 /* Screen - Disponibilidade */,
				0F17C7D8246F381400A2D212 /* Screen - ExperienciaInfo */,
				0F17C7C7246F36DE00A2D212 /* Screen - Destaques */,
				0F17C7B0246F16B500A2D212 /* Screen - Main */,
				CB4F8F7E246DB8DD0004B5E5 /* Example (NomeDaTela) */,
				CBFECD58246DB58C005B621F /* Application */,
				CBFECD59246DB5B3005B621F /* CoreData */,
				CB4F8F9F246DC9E30004B5E5 /* Helpers */,
				CBFECD45246DB56E005B621F /* ViewController.swift */,
				CBFECD4D246DB571005B621F /* Assets.xcassets */,
				CBFECD52246DB571005B621F /* Info.plist */,
			);
			path = ExperienceApp;
			sourceTree = "<group>";
		};
		CBFECD58246DB58C005B621F /* Application */ = {
			isa = PBXGroup;
			children = (
				CBFECD41246DB56E005B621F /* AppDelegate.swift */,
				CBFECD43246DB56E005B621F /* SceneDelegate.swift */,
			);
			path = Application;
			sourceTree = "<group>";
		};
		CBFECD59246DB5B3005B621F /* CoreData */ = {
			isa = PBXGroup;
			children = (
				CBFECD4F246DB571005B621F /* LaunchScreen.storyboard */,
				CBFECD47246DB56E005B621F /* Main.storyboard */,
				CBFECD4A246DB56E005B621F /* ExperienceApp.xcdatamodeld */,
			);
			path = CoreData;
			sourceTree = "<group>";
		};
/* End PBXGroup section */

/* Begin PBXNativeTarget section */
		CBFECD3D246DB56E005B621F /* ExperienceApp */ = {
			isa = PBXNativeTarget;
			buildConfigurationList = CBFECD55246DB571005B621F /* Build configuration list for PBXNativeTarget "ExperienceApp" */;
			buildPhases = (
				CBFECD3A246DB56E005B621F /* Sources */,
				CBFECD3B246DB56E005B621F /* Frameworks */,
				CBFECD3C246DB56E005B621F /* Resources */,
				CBCEF8AC246DB6B4001CAF60 /* SwiftLint */,
			);
			buildRules = (
			);
			dependencies = (
			);
			name = ExperienceApp;
			productName = ExperienceApp;
			productReference = CBFECD3E246DB56E005B621F /* ExperienceApp.app */;
			productType = "com.apple.product-type.application";
		};
/* End PBXNativeTarget section */

/* Begin PBXProject section */
		CBFECD36246DB56E005B621F /* Project object */ = {
			isa = PBXProject;
			attributes = {
				LastSwiftUpdateCheck = 1140;
				LastUpgradeCheck = 1140;
				ORGANIZATIONNAME = "Zewu Chen";
				TargetAttributes = {
					CBFECD3D246DB56E005B621F = {
						CreatedOnToolsVersion = 11.4.1;
					};
				};
			};
			buildConfigurationList = CBFECD39246DB56E005B621F /* Build configuration list for PBXProject "ExperienceApp" */;
			compatibilityVersion = "Xcode 9.3";
			developmentRegion = en;
			hasScannedForEncodings = 0;
			knownRegions = (
				en,
				Base,
			);
			mainGroup = CBFECD35246DB56E005B621F;
			productRefGroup = CBFECD3F246DB56E005B621F /* Products */;
			projectDirPath = "";
			projectRoot = "";
			targets = (
				CBFECD3D246DB56E005B621F /* ExperienceApp */,
			);
		};
/* End PBXProject section */

/* Begin PBXResourcesBuildPhase section */
		CBFECD3C246DB56E005B621F /* Resources */ = {
			isa = PBXResourcesBuildPhase;
			buildActionMask = 2147483647;
			files = (
				0F17C7C6246F1B1B00A2D212 /* RecomendacoesTableViewCell.xib in Resources */,
				CB4F8F82246DB9110004B5E5 /* TesteViewController.xib in Resources */,
				0F17C7DF246F386200A2D212 /* ExperienciasInfoViewController.xib in Resources */,
				0F17C7F6246F398900A2D212 /* PerfilTableViewCell.xib in Resources */,
				0F17C7CE246F379700A2D212 /* DestaquesViewController.xib in Resources */,
				CBFECD51246DB571005B621F /* LaunchScreen.storyboard in Resources */,
				0F17C7D3246F37B900A2D212 /* DestaquesTableViewCell.xib in Resources */,
				0F17C7C2246F1B0300A2D212 /* DestaquesCollectionViewCell.xib in Resources */,
				0F17C7BD246F184100A2D212 /* MainViewController.xib in Resources */,
				CBFECD4E246DB571005B621F /* Assets.xcassets in Resources */,
				CBFECD49246DB56E005B621F /* Main.storyboard in Resources */,
				0F17C7F1246F397300A2D212 /* PerfilViewController.xib in Resources */,
				9542EBC9247305240049E27E /* LoginViewController.xib in Resources */,
				0F17C7E7246F391F00A2D212 /* DisponibilidadeViewController.xib in Resources */,
			);
			runOnlyForDeploymentPostprocessing = 0;
		};
/* End PBXResourcesBuildPhase section */

/* Begin PBXShellScriptBuildPhase section */
		CBCEF8AC246DB6B4001CAF60 /* SwiftLint */ = {
			isa = PBXShellScriptBuildPhase;
			buildActionMask = 2147483647;
			files = (
			);
			inputFileListPaths = (
			);
			inputPaths = (
			);
			name = SwiftLint;
			outputFileListPaths = (
			);
			outputPaths = (
			);
			runOnlyForDeploymentPostprocessing = 0;
			shellPath = /bin/sh;
			shellScript = "if which swiftlint >/dev/null; then\n  swiftlint\nelse\n  echo \"warning: SwiftLint not installed, download from https://github.com/realm/SwiftLint\"\nfi\n";
		};
/* End PBXShellScriptBuildPhase section */

/* Begin PBXSourcesBuildPhase section */
		CBFECD3A246DB56E005B621F /* Sources */ = {
			isa = PBXSourcesBuildPhase;
			buildActionMask = 2147483647;
			files = (
				0F17C7CD246F379700A2D212 /* DestaquesViewController.swift in Sources */,
				CBFECD46246DB56E005B621F /* ViewController.swift in Sources */,
				0F17C7D2246F37B900A2D212 /* DestaquesTableViewCell.swift in Sources */,
				0F17C7E6246F391F00A2D212 /* DisponibilidadeViewController.swift in Sources */,
				0F17C7BC246F184100A2D212 /* MainViewController.swift in Sources */,
				0F17C7C1246F1B0300A2D212 /* DestaquesCollectionViewCell.swift in Sources */,
				0F17C7D5246F37C500A2D212 /* DestaquesController.swift in Sources */,
				0F17C7E1246F387800A2D212 /* ExperienciasInfoController.swift in Sources */,
				CBFECD42246DB56E005B621F /* AppDelegate.swift in Sources */,
				CBFECD44246DB56E005B621F /* SceneDelegate.swift in Sources */,
				CB4F8FA3246DCA350004B5E5 /* UIColor+Extensions.swift in Sources */,
				CB4F8F81246DB9110004B5E5 /* TesteViewController.swift in Sources */,
				0F17C7F0246F397300A2D212 /* PerfilViewController.swift in Sources */,
				0F17C7B5246F179400A2D212 /* MainModel.swift in Sources */,
				0F17C7DE246F386200A2D212 /* ExperienciasInfoViewController.swift in Sources */,
				0F17C801246F39EC00A2D212 /* GerarController.swift in Sources */,
				0F17C7EA246F393500A2D212 /* DisponibilidadeController.swift in Sources */,
				0F17C7F8246F399C00A2D212 /* PerfilController.swift in Sources */,
				CBFECD4C246DB56E005B621F /* ExperienceApp.xcdatamodeld in Sources */,
				0F17C7B9246F180300A2D212 /* MainController.swift in Sources */,
				0F17C7C5246F1B1B00A2D212 /* RecomendacoesTableViewCell.swift in Sources */,
				0F17C7F5246F398900A2D212 /* PerfilTableViewCell.swift in Sources */,
				CB4F8F89246DBB060004B5E5 /* TesteController.swift in Sources */,
				9542EBC8247305240049E27E /* LoginViewController.swift in Sources */,
				CB4F8F87246DBA550004B5E5 /* TesteModel.swift in Sources */,
			);
			runOnlyForDeploymentPostprocessing = 0;
		};
/* End PBXSourcesBuildPhase section */

/* Begin PBXVariantGroup section */
		CBFECD47246DB56E005B621F /* Main.storyboard */ = {
			isa = PBXVariantGroup;
			children = (
				CBFECD48246DB56E005B621F /* Base */,
			);
			name = Main.storyboard;
			sourceTree = "<group>";
		};
		CBFECD4F246DB571005B621F /* LaunchScreen.storyboard */ = {
			isa = PBXVariantGroup;
			children = (
				CBFECD50246DB571005B621F /* Base */,
			);
			name = LaunchScreen.storyboard;
			sourceTree = "<group>";
		};
/* End PBXVariantGroup section */

/* Begin XCBuildConfiguration section */
		CBFECD53246DB571005B621F /* Debug */ = {
			isa = XCBuildConfiguration;
			buildSettings = {
				ALWAYS_SEARCH_USER_PATHS = NO;
				CLANG_ANALYZER_NONNULL = YES;
				CLANG_ANALYZER_NUMBER_OBJECT_CONVERSION = YES_AGGRESSIVE;
				CLANG_CXX_LANGUAGE_STANDARD = "gnu++14";
				CLANG_CXX_LIBRARY = "libc++";
				CLANG_ENABLE_MODULES = YES;
				CLANG_ENABLE_OBJC_ARC = YES;
				CLANG_ENABLE_OBJC_WEAK = YES;
				CLANG_WARN_BLOCK_CAPTURE_AUTORELEASING = YES;
				CLANG_WARN_BOOL_CONVERSION = YES;
				CLANG_WARN_COMMA = YES;
				CLANG_WARN_CONSTANT_CONVERSION = YES;
				CLANG_WARN_DEPRECATED_OBJC_IMPLEMENTATIONS = YES;
				CLANG_WARN_DIRECT_OBJC_ISA_USAGE = YES_ERROR;
				CLANG_WARN_DOCUMENTATION_COMMENTS = YES;
				CLANG_WARN_EMPTY_BODY = YES;
				CLANG_WARN_ENUM_CONVERSION = YES;
				CLANG_WARN_INFINITE_RECURSION = YES;
				CLANG_WARN_INT_CONVERSION = YES;
				CLANG_WARN_NON_LITERAL_NULL_CONVERSION = YES;
				CLANG_WARN_OBJC_IMPLICIT_RETAIN_SELF = YES;
				CLANG_WARN_OBJC_LITERAL_CONVERSION = YES;
				CLANG_WARN_OBJC_ROOT_CLASS = YES_ERROR;
				CLANG_WARN_RANGE_LOOP_ANALYSIS = YES;
				CLANG_WARN_STRICT_PROTOTYPES = YES;
				CLANG_WARN_SUSPICIOUS_MOVE = YES;
				CLANG_WARN_UNGUARDED_AVAILABILITY = YES_AGGRESSIVE;
				CLANG_WARN_UNREACHABLE_CODE = YES;
				CLANG_WARN__DUPLICATE_METHOD_MATCH = YES;
				COPY_PHASE_STRIP = NO;
				DEBUG_INFORMATION_FORMAT = dwarf;
				ENABLE_STRICT_OBJC_MSGSEND = YES;
				ENABLE_TESTABILITY = YES;
				GCC_C_LANGUAGE_STANDARD = gnu11;
				GCC_DYNAMIC_NO_PIC = NO;
				GCC_NO_COMMON_BLOCKS = YES;
				GCC_OPTIMIZATION_LEVEL = 0;
				GCC_PREPROCESSOR_DEFINITIONS = (
					"DEBUG=1",
					"$(inherited)",
				);
				GCC_WARN_64_TO_32_BIT_CONVERSION = YES;
				GCC_WARN_ABOUT_RETURN_TYPE = YES_ERROR;
				GCC_WARN_UNDECLARED_SELECTOR = YES;
				GCC_WARN_UNINITIALIZED_AUTOS = YES_AGGRESSIVE;
				GCC_WARN_UNUSED_FUNCTION = YES;
				GCC_WARN_UNUSED_VARIABLE = YES;
				IPHONEOS_DEPLOYMENT_TARGET = 13.4;
				MTL_ENABLE_DEBUG_INFO = INCLUDE_SOURCE;
				MTL_FAST_MATH = YES;
				ONLY_ACTIVE_ARCH = YES;
				SDKROOT = iphoneos;
				SWIFT_ACTIVE_COMPILATION_CONDITIONS = DEBUG;
				SWIFT_OPTIMIZATION_LEVEL = "-Onone";
			};
			name = Debug;
		};
		CBFECD54246DB571005B621F /* Release */ = {
			isa = XCBuildConfiguration;
			buildSettings = {
				ALWAYS_SEARCH_USER_PATHS = NO;
				CLANG_ANALYZER_NONNULL = YES;
				CLANG_ANALYZER_NUMBER_OBJECT_CONVERSION = YES_AGGRESSIVE;
				CLANG_CXX_LANGUAGE_STANDARD = "gnu++14";
				CLANG_CXX_LIBRARY = "libc++";
				CLANG_ENABLE_MODULES = YES;
				CLANG_ENABLE_OBJC_ARC = YES;
				CLANG_ENABLE_OBJC_WEAK = YES;
				CLANG_WARN_BLOCK_CAPTURE_AUTORELEASING = YES;
				CLANG_WARN_BOOL_CONVERSION = YES;
				CLANG_WARN_COMMA = YES;
				CLANG_WARN_CONSTANT_CONVERSION = YES;
				CLANG_WARN_DEPRECATED_OBJC_IMPLEMENTATIONS = YES;
				CLANG_WARN_DIRECT_OBJC_ISA_USAGE = YES_ERROR;
				CLANG_WARN_DOCUMENTATION_COMMENTS = YES;
				CLANG_WARN_EMPTY_BODY = YES;
				CLANG_WARN_ENUM_CONVERSION = YES;
				CLANG_WARN_INFINITE_RECURSION = YES;
				CLANG_WARN_INT_CONVERSION = YES;
				CLANG_WARN_NON_LITERAL_NULL_CONVERSION = YES;
				CLANG_WARN_OBJC_IMPLICIT_RETAIN_SELF = YES;
				CLANG_WARN_OBJC_LITERAL_CONVERSION = YES;
				CLANG_WARN_OBJC_ROOT_CLASS = YES_ERROR;
				CLANG_WARN_RANGE_LOOP_ANALYSIS = YES;
				CLANG_WARN_STRICT_PROTOTYPES = YES;
				CLANG_WARN_SUSPICIOUS_MOVE = YES;
				CLANG_WARN_UNGUARDED_AVAILABILITY = YES_AGGRESSIVE;
				CLANG_WARN_UNREACHABLE_CODE = YES;
				CLANG_WARN__DUPLICATE_METHOD_MATCH = YES;
				COPY_PHASE_STRIP = NO;
				DEBUG_INFORMATION_FORMAT = "dwarf-with-dsym";
				ENABLE_NS_ASSERTIONS = NO;
				ENABLE_STRICT_OBJC_MSGSEND = YES;
				GCC_C_LANGUAGE_STANDARD = gnu11;
				GCC_NO_COMMON_BLOCKS = YES;
				GCC_WARN_64_TO_32_BIT_CONVERSION = YES;
				GCC_WARN_ABOUT_RETURN_TYPE = YES_ERROR;
				GCC_WARN_UNDECLARED_SELECTOR = YES;
				GCC_WARN_UNINITIALIZED_AUTOS = YES_AGGRESSIVE;
				GCC_WARN_UNUSED_FUNCTION = YES;
				GCC_WARN_UNUSED_VARIABLE = YES;
				IPHONEOS_DEPLOYMENT_TARGET = 13.4;
				MTL_ENABLE_DEBUG_INFO = NO;
				MTL_FAST_MATH = YES;
				SDKROOT = iphoneos;
				SWIFT_COMPILATION_MODE = wholemodule;
				SWIFT_OPTIMIZATION_LEVEL = "-O";
				VALIDATE_PRODUCT = YES;
			};
			name = Release;
		};
		CBFECD56246DB571005B621F /* Debug */ = {
			isa = XCBuildConfiguration;
			buildSettings = {
				ASSETCATALOG_COMPILER_APPICON_NAME = AppIcon;
				CODE_SIGN_ENTITLEMENTS = ExperienceApp/ExperienceApp.entitlements;
				CODE_SIGN_STYLE = Automatic;
				DEVELOPMENT_TEAM = 679BRJ4243;
				INFOPLIST_FILE = ExperienceApp/Info.plist;
				LD_RUNPATH_SEARCH_PATHS = (
					"$(inherited)",
					"@executable_path/Frameworks",
				);
				PRODUCT_BUNDLE_IDENTIFIER = br.com.nathalia.ExperienceApp;
				PRODUCT_NAME = "$(TARGET_NAME)";
				SWIFT_VERSION = 5.0;
				TARGETED_DEVICE_FAMILY = 1;
			};
			name = Debug;
		};
		CBFECD57246DB571005B621F /* Release */ = {
			isa = XCBuildConfiguration;
			buildSettings = {
				ASSETCATALOG_COMPILER_APPICON_NAME = AppIcon;
				CODE_SIGN_ENTITLEMENTS = ExperienceApp/ExperienceApp.entitlements;
				CODE_SIGN_STYLE = Automatic;
				DEVELOPMENT_TEAM = 679BRJ4243;
				INFOPLIST_FILE = ExperienceApp/Info.plist;
				LD_RUNPATH_SEARCH_PATHS = (
					"$(inherited)",
					"@executable_path/Frameworks",
				);
				PRODUCT_BUNDLE_IDENTIFIER = br.com.nathalia.ExperienceApp;
				PRODUCT_NAME = "$(TARGET_NAME)";
				SWIFT_VERSION = 5.0;
				TARGETED_DEVICE_FAMILY = 1;
			};
			name = Release;
		};
/* End XCBuildConfiguration section */

/* Begin XCConfigurationList section */
		CBFECD39246DB56E005B621F /* Build configuration list for PBXProject "ExperienceApp" */ = {
			isa = XCConfigurationList;
			buildConfigurations = (
				CBFECD53246DB571005B621F /* Debug */,
				CBFECD54246DB571005B621F /* Release */,
			);
			defaultConfigurationIsVisible = 0;
			defaultConfigurationName = Release;
		};
		CBFECD55246DB571005B621F /* Build configuration list for PBXNativeTarget "ExperienceApp" */ = {
			isa = XCConfigurationList;
			buildConfigurations = (
				CBFECD56246DB571005B621F /* Debug */,
				CBFECD57246DB571005B621F /* Release */,
			);
			defaultConfigurationIsVisible = 0;
			defaultConfigurationName = Release;
		};
/* End XCConfigurationList section */

/* Begin XCVersionGroup section */
		CBFECD4A246DB56E005B621F /* ExperienceApp.xcdatamodeld */ = {
			isa = XCVersionGroup;
			children = (
				CBFECD4B246DB56E005B621F /* ExperienceApp.xcdatamodel */,
			);
			currentVersion = CBFECD4B246DB56E005B621F /* ExperienceApp.xcdatamodel */;
			path = ExperienceApp.xcdatamodeld;
			sourceTree = "<group>";
			versionGroupType = wrapper.xcdatamodel;
		};
/* End XCVersionGroup section */
	};
	rootObject = CBFECD36246DB56E005B621F /* Project object */;
}
